# This lock file was generated by conda-lock (https://github.com/conda-incubator/conda-lock). DO NOT EDIT!
#
# A "lock file" contains a concrete list of package versions (with checksums) to be installed. Unlike
# e.g. `conda env create`, the resulting environment will not change as new package versions become
# available, unless you explicitly update the lock file.
#
# Install this environment as "YOURENV" with:
#     conda-lock install -n YOURENV --file conda-lock.yml
# To update a single package to the latest version compatible with the version constraints in the source:
#     conda-lock lock --lockfile conda-lock.yml --update PACKAGE
# To re-solve the entire environment, e.g. after changing a version constraint in the source file:
#     conda-lock -f enviroment.yml --lockfile conda-lock.yml
metadata:
  channels:
  - url: defaults
    used_env_vars: []
  content_hash:
    linux-64: 04e3add75a53e13416b74914c5537afa897c3bb78967f0c5f6c3ee362d4c8328
    osx-64: ba4949b7bb336dc693c4bfe34eb1fd90671296fa86fbfa2ca7d08e423a2c3919
  platforms:
  - osx-64
  - linux-64
  sources:
  - enviroment.yml
package:
- category: main
  dependencies: {}
  hash:
    md5: c2b3034d621723dab4dfd8414981935e
    sha256: 4817c23f8c3c06bdb86dfb9231319e9452485a8958f33e4b59fa992d05818b1d
  manager: conda
  name: ca-certificates
  optional: false
  platform: linux-64
  url: https://repo.anaconda.com/pkgs/main/linux-64/ca-certificates-2022.2.1-h06a4308_0.conda
  version: 2022.2.1
- category: main
  dependencies:
    _libgcc_mutex: 0.1 main
  hash:
    md5: fb19b69bac6d819c7f3d1126b05461e1
    sha256: b53f7b4d5a1a3a3d61ad86b043f91a0ca9ee16b77194021383185d34eb592e56
  manager: conda
  name: libgomp
  optional: false
  platform: linux-64
  url: https://repo.anaconda.com/pkgs/main/linux-64/libgomp-9.3.0-h5101ec6_17.conda
  version: 9.3.0
- category: main
  dependencies:
    libgcc-ng: '>=7.5.0'
    readline: '>=8.0,<9.0a0'
    zlib: '>=1.2.11,<1.3.0a0'
  hash:
    md5: dfc123f873cc0acf02f74b32aeae7688
    sha256: a89871bf65466ff50a34eccff69056ef9d90f459bd12b23a11eba29b91b95520
  manager: conda
  name: sqlite
  optional: false
  platform: linux-64
  url: https://repo.anaconda.com/pkgs/main/linux-64/sqlite-3.38.0-hc218d9a_0.conda
  version: 3.38.0
- category: main
  dependencies:
    libcurl: '>=7.80.0,<8.0a0'
    libgcc-ng: '>=7.5.0'
    libstdcxx-ng: '>=7.5.0'
    libtiff: '>=4.1.0,<5.0a0'
    sqlite: '>=3.37.2,<4.0a0'
  hash:
    md5: edcdc32b05a85adf9d6275205863fc4b
    sha256: 01482346fd7a57d895ffbd4114f0a7d2848a5a6cec6b7bfee34a3cc623a45ee9
  manager: conda
  name: proj
  optional: false
  platform: linux-64
  url: https://repo.anaconda.com/pkgs/main/linux-64/proj-8.2.1-ha227179_0.conda
  version: 8.2.1
- category: main
  dependencies:
    jpeg: '>=9b,<10a'
    libgcc-ng: '>=7.3.0'
    libstdcxx-ng: '>=7.3.0'
    libwebp-base: ''
    xz: '>=5.2.5,<6.0a0'
    zlib: '>=1.2.11,<1.3.0a0'
    zstd: '>=1.4.5,<1.5.0a0'
  hash:
    md5: a70887f6e46ea21d5e4e27685bd59ff9
    sha256: abef7c57f548dd2b9dac487db1a9ffaf949b9505e94af5566778ed8116babbe7
  manager: conda
  name: libtiff
  optional: false
  platform: linux-64
  url: https://repo.anaconda.com/pkgs/main/linux-64/libtiff-4.2.0-h85742a9_0.conda
  version: 4.2.0
- category: main
  dependencies:
    libgcc-ng: '>=7.5.0'
  hash:
    md5: 28bb4c75a1ef6e3d7100a383a6437318
    sha256: 12f0d1ccc91ef8620e095706c0ab5b9d139c19dfa0d506f39deec18a793d9f22
  manager: conda
  name: jpeg
  optional: false
  platform: linux-64
  url: https://repo.anaconda.com/pkgs/main/linux-64/jpeg-9d-h7f8727e_0.conda
  version: 9d
- category: main
  dependencies: {}
  hash:
    md5: dec20f7c8f9d5f1b293abd97b0f518ed
    sha256: cc5b453d585754bb9d52bac9e2045f32eb0fc43d74ec3eee21e44604cf1a6485
  manager: conda
  name: ld_impl_linux-64
  optional: false
  platform: linux-64
  url: https://repo.anaconda.com/pkgs/main/linux-64/ld_impl_linux-64-2.35.1-h7274673_9.conda
  version: 2.35.1
- category: main
  dependencies:
    libgcc-ng: '>=7.5.0'
    libstdcxx-ng: '>=7.5.0'
  hash:
    md5: d9bd18f73ff566e08add10a54a3463cf
    sha256: e37c0efa15afddeaa329a76add1c657787efba334002b31449a3996175215330
  manager: conda
  name: lz4-c
  optional: false
  platform: linux-64
  url: https://repo.anaconda.com/pkgs/main/linux-64/lz4-c-1.9.3-h295c915_1.conda
  version: 1.9.3
- category: main
  dependencies:
    libgcc-ng: '>=7.5.0'
    zlib: '>=1.2.11,<1.3.0a0'
  hash:
    md5: 3a4fa2ce7262dc3e8f082a7c25e7451c
    sha256: 1b36e92b1ab7ca2eeca8888e14ae7cffdf376563596882b2b2139ee3ce4be6d7
  manager: conda
  name: tk
  optional: false
  platform: linux-64
  url: https://repo.anaconda.com/pkgs/main/linux-64/tk-8.6.11-h1ccaba5_0.conda
  version: 8.6.11
- category: main
  dependencies:
    ca-certificates: ''
    libgcc-ng: '>=7.5.0'
  hash:
    md5: 8ce61ffe2f4938f04b3d3325b4987cdb
    sha256: 035e75f6a4af78c2d70dc2a7f69bdc12691837c9b776c7cd0cb37f62a5fb997e
  manager: conda
  name: openssl
  optional: false
  platform: linux-64
  url: https://repo.anaconda.com/pkgs/main/linux-64/openssl-1.1.1m-h7f8727e_0.conda
  version: 1.1.1m
- category: main
  dependencies:
    libgcc-ng: '>=7.3.0'
    openssl: '>=1.1.1d,<1.1.2a'
  hash:
    md5: f20d2c2f77ee95f800cf0e932af216ab
    sha256: 44a292b8d2004962bf9babca42cbdd2e02d1b592dc8c4faed7675c5315b27920
  manager: conda
  name: libssh2
  optional: false
  platform: linux-64
  url: https://repo.anaconda.com/pkgs/main/linux-64/libssh2-1.9.0-h1ba5d50_1.conda
  version: 1.9.0
- category: main
  dependencies:
    ld_impl_linux-64: ''
    libffi: '>=3.3,<3.4.0a0'
    libgcc-ng: '>=7.5.0'
    libstdcxx-ng: '>=7.5.0'
    ncurses: '>=6.2,<7.0a0'
    openssl: '>=1.1.1l,<1.1.2a'
    readline: '>=8.0,<9.0a0'
    sqlite: '>=3.36.0,<4.0a0'
    tk: '>=8.6.11,<8.7.0a0'
    xz: '>=5.2.5,<6.0a0'
    zlib: '>=1.2.11,<1.3.0a0'
  hash:
    md5: c5916b4ce33701bc6fe8ce66adc88ce1
    sha256: a109ec4af2a316bbb53a34d5938476c6c94244805513c1f5efb917c5e64c9e92
  manager: conda
  name: python
  optional: false
  platform: linux-64
  url: https://repo.anaconda.com/pkgs/main/linux-64/python-3.8.12-h12debd9_0.conda
  version: 3.8.12
- category: main
  dependencies: {}
  hash:
    md5: c3473ff8bdb3d124ed5ff11ec380d6f9
    sha256: 476626712f60e5ef0fe04c354727152b1ee5285d57ccd3575c7be930122bd051
  manager: conda
  name: _libgcc_mutex
  optional: false
  platform: linux-64
  url: https://repo.anaconda.com/pkgs/main/linux-64/_libgcc_mutex-0.1-main.conda
  version: '0.1'
- category: main
  dependencies:
    __glibc: '>=2.17'
  hash:
    md5: 47744aca0f5e63c4672d117c3596d937
    sha256: 0cdad3721336fe93f626289dd45e864eb4a0659ff2094670af01e7eacad28d9c
  manager: conda
  name: libstdcxx-ng
  optional: false
  platform: linux-64
  url: https://repo.anaconda.com/pkgs/main/linux-64/libstdcxx-ng-9.3.0-hd4cf53a_17.conda
  version: 9.3.0
- category: main
  dependencies:
    libgcc-ng: '>=7.3.0'
    libstdcxx-ng: '>=7.3.0'
  hash:
    md5: 88a54b8f50e351c650e16f4ee781440c
    sha256: 2cef7c80db19e83a38b6e02110f0e9828d3ef4045c38791d5b01006c44529093
  manager: conda
  name: libffi
  optional: false
  platform: linux-64
  url: https://repo.anaconda.com/pkgs/main/linux-64/libffi-3.3-he6710b0_2.conda
  version: '3.3'
- category: main
  dependencies:
    libgcc-ng: '>=7.3.0'
    libstdcxx-ng: '>=7.3.0'
    lz4-c: '>=1.9.3,<1.10.0a0'
    xz: '>=5.2.5,<6.0a0'
    zlib: '>=1.2.11,<1.3.0a0'
  hash:
    md5: 2e81424da35919b0f552b9e5ba0a37ba
    sha256: 5ebb3e77ad431e24226cdee8884fb39f511d36fae598d1ce1f50081545a046a3
  manager: conda
  name: zstd
  optional: false
  platform: linux-64
  url: https://repo.anaconda.com/pkgs/main/linux-64/zstd-1.4.9-haebb681_0.conda
  version: 1.4.9
- category: main
  dependencies:
    libgcc-ng: '>=7.5.0'
  hash:
    md5: 677634b170f698ba548ca8d57aa3fd1a
    sha256: b4fac6b42ba3e06457b70723e88f43d7a7905288e5f8e3226687b0b9bdfc62f4
  manager: conda
  name: c-ares
  optional: false
  platform: linux-64
  url: https://repo.anaconda.com/pkgs/main/linux-64/c-ares-1.18.1-h7f8727e_0.conda
  version: 1.18.1
- category: main
  dependencies:
    libgcc-ng: '>=7.5.0'
  hash:
    md5: c3d3c38e7239061225ee4786558325d8
    sha256: 0af153c7e83ca764700fb2be1cc9e39a7cb6769167f60cb4404c8d6fb16c823c
  manager: conda
  name: zlib
  optional: false
  platform: linux-64
  url: https://repo.anaconda.com/pkgs/main/linux-64/zlib-1.2.11-h7f8727e_4.conda
  version: 1.2.11
- category: main
  dependencies:
    libgcc-ng: '>=7.5.0'
  hash:
    md5: 5065620db4393fb549f30114a33897d1
    sha256: 75f04cf201848d58df127caf9f316f71e1103b28e00b5add9b0c8025e52d7569
  manager: conda
  name: libev
  optional: false
  platform: linux-64
  url: https://repo.anaconda.com/pkgs/main/linux-64/libev-4.33-h7f8727e_1.conda
  version: '4.33'
- category: main
  dependencies:
    libgcc-ng: '>=7.5.0'
    ncurses: '>=6.3,<7.0a0'
  hash:
    md5: ea33f478fea12406f394944e7e4f3d20
    sha256: ab74641903ecb92f45c392cffe5bbb712208854c6ea20ab86b65dd4dfc1b1beb
  manager: conda
  name: readline
  optional: false
  platform: linux-64
  url: https://repo.anaconda.com/pkgs/main/linux-64/readline-8.1.2-h7f8727e_1.conda
  version: 8.1.2
- category: main
  dependencies:
    libgcc-ng: '>=7.5.0'
    libstdcxx-ng: '>=7.5.0'
  hash:
    md5: 909a024d65ea8ef00ce351610af2058c
    sha256: d547b7c4a6d4a1641c9fb170e2615eec3cfe27d7e03d5c1bc5b5349741a8c3bc
  manager: conda
  name: geos
  optional: false
  platform: linux-64
  url: https://repo.anaconda.com/pkgs/main/linux-64/geos-3.9.1-h295c915_0.conda
  version: 3.9.1
- category: main
  dependencies:
    c-ares: '>=1.7.5'
    libev: '>=4.33,<4.34.0a0'
    libgcc-ng: '>=7.5.0'
    libstdcxx-ng: '>=7.5.0'
    openssl: '>=1.1.1l,<1.1.2a'
    zlib: '>=1.2.11,<1.3.0a0'
  hash:
    md5: bf09e3bce5afd6b281f6e3722c4b7f7b
    sha256: 026a81c38532e2009b45343002303115c6af4d1ad830f66abdf392796a26f3d7
  manager: conda
  name: libnghttp2
  optional: false
  platform: linux-64
  url: https://repo.anaconda.com/pkgs/main/linux-64/libnghttp2-1.46.0-hce63b2e_0.conda
  version: 1.46.0
- category: main
  dependencies:
    krb5: '>=1.19.2,<1.20.0a0'
    libgcc-ng: '>=7.5.0'
    libnghttp2: '>=1.46.0,<2.0a0'
    libssh2: '>=1.9.0,<2.0a0'
    openssl: '>=1.1.1l,<1.1.2a'
    zlib: '>=1.2.11,<1.3.0a0'
  hash:
    md5: 91cea86ac0407414d3b55e7a38d60384
    sha256: 19329033c24cf55c276e6f694e4bca6349d639a83f092448d3738f27f003f0fe
  manager: conda
  name: libcurl
  optional: false
  platform: linux-64
  url: https://repo.anaconda.com/pkgs/main/linux-64/libcurl-7.80.0-h0b77cf5_0.conda
  version: 7.80.0
- category: main
  dependencies:
    _libgcc_mutex: 0.1 main
    libgomp: '>=7.5.0'
  hash:
    md5: 84414b0edb0a36bd7e25fc4936c1abb5
    sha256: 2c269ff2e33d3c158b4744485b7fe11ee132814c55a70b33b3e68d588375d465
  manager: conda
  name: _openmp_mutex
  optional: false
  platform: linux-64
  url: https://repo.anaconda.com/pkgs/main/linux-64/_openmp_mutex-4.5-1_gnu.tar.bz2
  version: '4.5'
- category: main
  dependencies:
    libgcc-ng: '>=7.5.0'
    ncurses: '>=6.3,<7.0a0'
  hash:
    md5: cf16006f8f24e4224ddce196471d2509
    sha256: 6bfecab0a81cd806c353cfe60bc7528ed93f047e6355476d0db131b9d1e1ba31
  manager: conda
  name: libedit
  optional: false
  platform: linux-64
  url: https://repo.anaconda.com/pkgs/main/linux-64/libedit-3.1.20210910-h7f8727e_0.conda
  version: 3.1.20210910
- category: main
  dependencies:
    libgcc-ng: '>=7.5.0'
  hash:
    md5: 4edf660a09cc7adcb21120464b2a1783
    sha256: c1a4de3a57e4ed4f2a02b71dc722a0dde18fda80838a7d4aaeaefd834f8fbea2
  manager: conda
  name: ncurses
  optional: false
  platform: linux-64
  url: https://repo.anaconda.com/pkgs/main/linux-64/ncurses-6.3-h7f8727e_2.conda
  version: '6.3'
- category: main
  dependencies:
    libedit: '>=3.1.20210216,<4.0a0'
    libgcc-ng: '>=7.5.0'
    openssl: '>=1.1.1k,<1.1.2a'
  hash:
    md5: 62a43976b48799377103390c340a3824
    sha256: b8bddb4e3cb60400d5d43f020ff8c233f3fe963fe11876967de01f205d6a45e6
  manager: conda
  name: krb5
  optional: false
  platform: linux-64
  url: https://repo.anaconda.com/pkgs/main/linux-64/krb5-1.19.2-hac12032_0.conda
  version: 1.19.2
- category: main
  dependencies:
    __glibc: '>=2.17'
    _libgcc_mutex: '* main'
    _openmp_mutex: '>=4.5'
  hash:
    md5: e9cbabbfb9e8a430f6a7660fe8dd77a7
    sha256: 49a808720a51c107241a42ac3641cce3d8451ef7cfaf3d68b6e4a3fec2da0676
  manager: conda
  name: libgcc-ng
  optional: false
  platform: linux-64
  url: https://repo.anaconda.com/pkgs/main/linux-64/libgcc-ng-9.3.0-h5101ec6_17.conda
  version: 9.3.0
- category: main
  dependencies:
    libgcc-ng: '>=7.3.0'
  hash:
    md5: 73a16ea8ba890175a1ce94a3a87c8f68
    sha256: 58045af0e1f23ea72b6759c4f5aac3e2fb98da9585758853d09961126d66f9ce
  manager: conda
  name: xz
  optional: false
  platform: linux-64
  url: https://repo.anaconda.com/pkgs/main/linux-64/xz-5.2.5-h7b6447c_0.conda
  version: 5.2.5
- category: main
  dependencies:
    libgcc-ng: '>=7.5.0'
  hash:
    md5: 162451b4884cfc7db8400580c711e83a
    sha256: 200b4ae8d83efca7dda8a3855a380a602509a031678af5cf08b7aa3c62d56c08
  manager: conda
  name: libwebp-base
  optional: false
  platform: linux-64
  url: https://repo.anaconda.com/pkgs/main/linux-64/libwebp-base-1.2.2-h7f8727e_0.conda
  version: 1.2.2
- category: main
  dependencies:
    readline: '>=8.0,<9.0a0'
    zlib: '>=1.2.11,<1.3.0a0'
  hash:
    md5: d1c1f3d1dd3de5c779b0ab38264a8f0d
    sha256: 343968d7866cd2014d4ccdb36536615861a7ecb2c5209c5dfd3c1bd2ed4ec5e9
  manager: conda
  name: sqlite
  optional: false
  platform: osx-64
  url: https://repo.anaconda.com/pkgs/main/osx-64/sqlite-3.37.2-h707629a_0.conda
  version: 3.37.2
- category: main
  dependencies:
    openssl: '>=1.1.1d,<1.1.2a'
  hash:
    md5: f4325c1eee706acc9959491b3d9746d3
    sha256: a2b9a882c14281a2f69d16e753b015e5d3bb322a74592d7e2159d21e67723aab
  manager: conda
  name: libssh2
  optional: false
  platform: osx-64
  url: https://repo.anaconda.com/pkgs/main/osx-64/libssh2-1.9.0-ha12b0ac_1.conda
  version: 1.9.0
- category: main
  dependencies: {}
  hash:
    md5: 029b8fce196d53c93af17512f6f606d8
    sha256: 85d00c299762d296266bf733b6a4f92c85f55639abc7019622f269a0f772219d
  manager: conda
  name: libwebp-base
  optional: false
  platform: osx-64
  url: https://repo.anaconda.com/pkgs/main/osx-64/libwebp-base-1.2.2-hca72f7f_0.conda
  version: 1.2.2
- category: main
  dependencies:
    libcxx: '>=10.0.0'
    lz4-c: '>=1.9.3,<1.10.0a0'
    xz: '>=5.2.5,<6.0a0'
    zlib: '>=1.2.11,<1.3.0a0'
  hash:
    md5: bc8c39208f4e8205c729683dcfa7e95e
    sha256: baaedcb01e951b39bf09e9a7938a7ac0941b56dd4ee0ea8f80e3add525b4d893
  manager: conda
  name: zstd
  optional: false
  platform: osx-64
  url: https://repo.anaconda.com/pkgs/main/osx-64/zstd-1.4.9-h322a384_0.conda
  version: 1.4.9
- category: main
  dependencies:
    libcxx: '>=10.0.0'
  hash:
    md5: 0c959d444ac65555cb836cdbd3e9a2d9
    sha256: f88a2ff020e096f477f0e8297088c33479de2a3362a9aaf05aa910ac1d175175
  manager: conda
  name: libffi
  optional: false
  platform: osx-64
  url: https://repo.anaconda.com/pkgs/main/osx-64/libffi-3.3-hb1e8313_2.conda
  version: '3.3'
- category: main
  dependencies:
    ncurses: '>=6.3,<7.0a0'
  hash:
    md5: 84f04c29858f8953fdb36fe27f2148e1
    sha256: 6b209fd3202f65dc92add0e5a942d2f6ed7e476606e81a211935aa683604dbd8
  manager: conda
  name: libedit
  optional: false
  platform: osx-64
  url: https://repo.anaconda.com/pkgs/main/osx-64/libedit-3.1.20210910-hca72f7f_0.conda
  version: 3.1.20210910
- category: main
  dependencies:
    jpeg: '>=9b,<10a'
    libcxx: '>=10.0.0'
    libwebp-base: ''
    xz: '>=5.2.5,<6.0a0'
    zlib: '>=1.2.11,<1.3.0a0'
    zstd: '>=1.4.5,<1.5.0a0'
  hash:
    md5: 32cded0d1900a09a8fefdeda35e0de1c
    sha256: 8939cfb2e775fb3dbb6316d725040c389514e8c8578bc253d127ecb87fb3dcb8
  manager: conda
  name: libtiff
  optional: false
  platform: osx-64
  url: https://repo.anaconda.com/pkgs/main/osx-64/libtiff-4.2.0-h87d7836_0.conda
  version: 4.2.0
- category: main
  dependencies: {}
  hash:
    md5: fc798dffc9f7843e2dc563a10290ef59
    sha256: 63dd6ec719304b69eb87129a300742d9be7d9e6090e34c66bfcf17e30e8f728a
  manager: conda
  name: c-ares
  optional: false
  platform: osx-64
  url: https://repo.anaconda.com/pkgs/main/osx-64/c-ares-1.18.1-hca72f7f_0.conda
  version: 1.18.1
- category: main
  dependencies:
    libedit: '>=3.1.20210216,<4.0a0'
    openssl: '>=1.1.1k,<1.1.2a'
  hash:
    md5: 9477ac0fa61f323ca0864573ac240c8e
    sha256: 0631feaab4d6ce7902eb48fba1d7868adb3d548b0b6434236b8f4ba805635ca9
  manager: conda
  name: krb5
  optional: false
  platform: osx-64
  url: https://repo.anaconda.com/pkgs/main/osx-64/krb5-1.19.2-hcd88c3b_0.conda
  version: 1.19.2
- category: main
  dependencies:
    libcurl: '>=7.80.0,<8.0a0'
    libcxx: '>=12.0.0'
    libtiff: '>=4.1.0,<5.0a0'
    sqlite: '>=3.37.2,<4.0a0'
  hash:
    md5: 881055e3e3c20a4389342b441ecb0fed
    sha256: 484c9d83e909e3a1615131c8fbb73bdbf795de7fe0abcfc062b2d9caf404b0a7
  manager: conda
  name: proj
  optional: false
  platform: osx-64
  url: https://repo.anaconda.com/pkgs/main/osx-64/proj-8.2.1-hd69def0_0.conda
  version: 8.2.1
- category: main
  dependencies:
    libcxx: '>=10.0.0'
  hash:
    md5: 30f8c3ed3fa14eee5d0d8c12bdc78b38
    sha256: a9041f715994005278efc188b96b1d208c99303dc5ec4137e03a5321fcaf651b
  manager: conda
  name: geos
  optional: false
  platform: osx-64
  url: https://repo.anaconda.com/pkgs/main/osx-64/geos-3.9.1-h23ab428_0.conda
  version: 3.9.1
- category: main
  dependencies: {}
  hash:
    md5: 7d08031532902274b38cf0ffb229a12d
    sha256: 7d46ffcc425ec2026ef497eebe80a9ea99371ef5a7c9f5508562e08738a4bdd0
  manager: conda
  name: ca-certificates
  optional: false
  platform: osx-64
  url: https://repo.anaconda.com/pkgs/main/osx-64/ca-certificates-2022.2.1-hecd8cb5_0.conda
  version: 2022.2.1
- category: main
  dependencies:
    zlib: '>=1.2.11,<1.3.0a0'
  hash:
    md5: a8755d374028db89036e8a1be2247f9e
    sha256: 3b930bd03188b2db70e94054afd9a6977c543ab80a0e8c548960491fcc731b4c
  manager: conda
  name: tk
  optional: false
  platform: osx-64
  url: https://repo.anaconda.com/pkgs/main/osx-64/tk-8.6.11-h7bc2e8c_0.conda
  version: 8.6.11
- category: main
  dependencies:
    ca-certificates: ''
  hash:
    md5: 83bb9d9bb9557ed5dfbb7696ac0a882e
    sha256: 78c26b2af3ec7fcd9fff7c92809b09cc7b86b8f74b5e106655575c292d444aee
  manager: conda
  name: openssl
  optional: false
  platform: osx-64
  url: https://repo.anaconda.com/pkgs/main/osx-64/openssl-1.1.1m-hca72f7f_0.conda
  version: 1.1.1m
- category: main
  dependencies:
    ncurses: '>=6.3,<7.0a0'
  hash:
    md5: c54a6153e7ef82f55e7a0ae2f6749592
    sha256: 4d28e2f21b68935185f98bb44935c02a6d6e137add54efb5d2781ecab5f550ff
  manager: conda
  name: readline
  optional: false
  platform: osx-64
  url: https://repo.anaconda.com/pkgs/main/osx-64/readline-8.1.2-hca72f7f_1.conda
  version: 8.1.2
- category: main
  dependencies: {}
  hash:
    md5: fa697ecaca74bdf72bd0a10e42a2287a
    sha256: be3ad99669577b0ebb536b1681728643c66230c8f221459882b98faf17d83b08
  manager: conda
  name: libcxx
  optional: false
  platform: osx-64
  url: https://repo.anaconda.com/pkgs/main/osx-64/libcxx-12.0.0-h2f01273_0.conda
  version: 12.0.0
- category: main
  dependencies: {}
  hash:
    md5: ffb0ee08779a6ccb4706b72523712cb7
    sha256: cb6c66c3e947f455d6e704c82bfc53813acd7b7ed36f698ea5c29571b6e482d6
  manager: conda
  name: libev
  optional: false
  platform: osx-64
  url: https://repo.anaconda.com/pkgs/main/osx-64/libev-4.33-h9ed2024_1.conda
  version: '4.33'
- category: main
  dependencies: {}
  hash:
    md5: 901ce134535d685fb276c09c88767c1c
    sha256: 1143c2907e7cbf64edddeb07d95f037cd660d50cc15ccbaa280d5649824a1369
  manager: conda
  name: zlib
  optional: false
  platform: osx-64
  url: https://repo.anaconda.com/pkgs/main/osx-64/zlib-1.2.11-h4dc903c_4.conda
  version: 1.2.11
- category: main
  dependencies:
    krb5: '>=1.19.2,<1.20.0a0'
    libnghttp2: '>=1.46.0,<2.0a0'
    libssh2: '>=1.9.0,<2.0a0'
    openssl: '>=1.1.1l,<1.1.2a'
    zlib: '>=1.2.11,<1.3.0a0'
  hash:
    md5: b9bded0cb48d450eec7f87517ebb4123
    sha256: 2959248cfa1f8c138f4c2cfe8f53aa0b97e2bd14a1e55fdbb2d94435381028c8
  manager: conda
  name: libcurl
  optional: false
  platform: osx-64
  url: https://repo.anaconda.com/pkgs/main/osx-64/libcurl-7.80.0-h6dfd666_0.conda
  version: 7.80.0
- category: main
  dependencies:
    libcxx: '>=10.0.0'
    libffi: '>=3.3,<3.4.0a0'
    ncurses: '>=6.2,<7.0a0'
    openssl: '>=1.1.1l,<1.1.2a'
    readline: '>=8.0,<9.0a0'
    sqlite: '>=3.36.0,<4.0a0'
    tk: '>=8.6.11,<8.7.0a0'
    xz: '>=5.2.5,<6.0a0'
    zlib: '>=1.2.11,<1.3.0a0'
  hash:
    md5: 49d2e90d9f887158ca16b06c79f86584
    sha256: 5a86e6c8cab8ba1a7a5117566152ec66a223b8beef2d117d7b2aba220ee907c3
  manager: conda
  name: python
  optional: false
  platform: osx-64
  url: https://repo.anaconda.com/pkgs/main/osx-64/python-3.8.12-h88f2d9e_0.conda
  version: 3.8.12
- category: main
  dependencies: {}
  hash:
    md5: 32896581ee96215797b753884720e581
    sha256: c0769e31126edd29c8f9bf51f37c31f672ef1c426c89c175a6d0a8b61535a2bb
  manager: conda
  name: ncurses
  optional: false
  platform: osx-64
  url: https://repo.anaconda.com/pkgs/main/osx-64/ncurses-6.3-hca72f7f_2.conda
  version: '6.3'
- category: main
  dependencies: {}
  hash:
    md5: f38610dab0f2b0cb05f1b31f354113c5
    sha256: 9dee96ac92ad020d48245ec07e938ccbd8597622fd16929853d3bcad5bc9f9c7
  manager: conda
  name: xz
  optional: false
  platform: osx-64
  url: https://repo.anaconda.com/pkgs/main/osx-64/xz-5.2.5-h1de35cc_0.conda
  version: 5.2.5
- category: main
  dependencies:
    libcxx: '>=10.0.0'
  hash:
    md5: dc70fec3978d3189741886cc05fcb145
    sha256: 760138ad419a31b9f3f76abaf25eb9046af93e3516a27915ebbd6d55ec53a62a
  manager: conda
  name: lz4-c
  optional: false
  platform: osx-64
  url: https://repo.anaconda.com/pkgs/main/osx-64/lz4-c-1.9.3-h23ab428_1.conda
  version: 1.9.3
- category: main
  dependencies:
    c-ares: '>=1.7.5'
    libcxx: '>=12.0.0'
    libev: '>=4.33,<4.34.0a0'
    openssl: '>=1.1.1l,<1.1.2a'
    zlib: '>=1.2.11,<1.3.0a0'
  hash:
    md5: 7b5767e0cb9676eb442ef9cd2c76730b
    sha256: f78b51a88a2833b3fd1f4626ff0bff489e07fdc9b22ae123f6d5a6fd313ba4eb
  manager: conda
  name: libnghttp2
  optional: false
  platform: osx-64
  url: https://repo.anaconda.com/pkgs/main/osx-64/libnghttp2-1.46.0-ha29bfda_0.conda
  version: 1.46.0
- category: main
  dependencies: {}
  hash:
    md5: a50e7dd5264949332c4a510c8d54903b
    sha256: 2c68177a2f4498a394bdebc7393dc97e5173b0e6d76423f3c335b276cca51ea3
  manager: conda
  name: jpeg
  optional: false
  platform: osx-64
  url: https://repo.anaconda.com/pkgs/main/osx-64/jpeg-9d-h9ed2024_0.conda
  version: 9d
version: 1
